
Microsoft Visual Studio Solution File, Format Version 12.00
# Visual Studio Version 16
VisualStudioVersion = 16.0.30717.126
MinimumVisualStudioVersion = 10.0.40219.1
Project("{FAE04EC0-301F-11D3-BF4B-00C04F79EFBC}") = "dama", "dama\dama.csproj", "{9F024409-C8B9-4B1B-B193-981DFE61824A}"
EndProject
Global
	GlobalSection(SolutionConfigurationPlatforms) = preSolution
		Debug|Any CPU = Debug|Any CPU
		Release|Any CPU = Release|Any CPU
	EndGlobalSection
	GlobalSection(ProjectConfigurationPlatforms) = postSolution
		{9F024409-C8B9-4B1B-B193-981DFE61824A}.Debug|Any CPU.ActiveCfg = Debug|Any CPU
		{9F024409-C8B9-4B1B-B193-981DFE61824A}.Debug|Any CPU.Build.0 = Debug|Any CPU
		{9F024409-C8B9-4B1B-B193-981DFE61824A}.Release|Any CPU.ActiveCfg = Release|Any CPU
		{9F024409-C8B9-4B1B-B193-981DFE61824A}.Release|Any CPU.Build.0 = Release|Any CPU
	EndGlobalSection
	GlobalSection(SolutionProperties) = preSolution
		HideSolutionNode = FALSE
	EndGlobalSection
	GlobalSection(ExtensibilityGlobals) = postSolution
		SolutionGuid = {C61825F7-4839-4C8F-8C57-2666C5EFBE10}
	EndGlobalSection
EndGlobal
